
Microsoft Visual Studio Solution File, Format Version 12.00
# Visual Studio 15
VisualStudioVersion = 15.0.28010.2016
MinimumVisualStudioVersion = 10.0.40219.1
Project("{9092AA53-FB77-4645-B42D-1CCCA6BD08BD}") = "fs2bot", "fs2bot\fs2bot.njsproj", "{26AC3BB8-F894-47B2-911B-8CF378A6F5FC}"
EndProject
Global
	GlobalSection(SolutionConfigurationPlatforms) = preSolution
		Debug|Any CPU = Debug|Any CPU
		Release|Any CPU = Release|Any CPU
	EndGlobalSection
	GlobalSection(ProjectConfigurationPlatforms) = postSolution
		{26AC3BB8-F894-47B2-911B-8CF378A6F5FC}.Debug|Any CPU.ActiveCfg = Debug|Any CPU
		{26AC3BB8-F894-47B2-911B-8CF378A6F5FC}.Debug|Any CPU.Build.0 = Debug|Any CPU
		{26AC3BB8-F894-47B2-911B-8CF378A6F5FC}.Release|Any CPU.ActiveCfg = Release|Any CPU
		{26AC3BB8-F894-47B2-911B-8CF378A6F5FC}.Release|Any CPU.Build.0 = Release|Any CPU
	EndGlobalSection
	GlobalSection(SolutionProperties) = preSolution
		HideSolutionNode = FALSE
	EndGlobalSection
	GlobalSection(ExtensibilityGlobals) = postSolution
		SolutionGuid = {290819AB-7DEB-4FE1-B21D-20CE6C8A226A}
	EndGlobalSection
EndGlobal
